
Microsoft Visual Studio Solution File, Format Version 12.00
# Visual Studio Version 16
VisualStudioVersion = 16.0.29123.88
MinimumVisualStudioVersion = 10.0.40219.1
Project("{FAE04EC0-301F-11D3-BF4B-00C04F79EFBC}") = "EF_Songs", "EF-Songs\EF_Songs.csproj", "{92FFCCC7-8233-4831-9624-F92CD045D131}"
EndProject
Global
	GlobalSection(SolutionConfigurationPlatforms) = preSolution
		Debug|Any CPU = Debug|Any CPU
		Release|Any CPU = Release|Any CPU
	EndGlobalSection
	GlobalSection(ProjectConfigurationPlatforms) = postSolution
		{92FFCCC7-8233-4831-9624-F92CD045D131}.Debug|Any CPU.ActiveCfg = Debug|Any CPU
		{92FFCCC7-8233-4831-9624-F92CD045D131}.Debug|Any CPU.Build.0 = Debug|Any CPU
		{92FFCCC7-8233-4831-9624-F92CD045D131}.Release|Any CPU.ActiveCfg = Release|Any CPU
		{92FFCCC7-8233-4831-9624-F92CD045D131}.Release|Any CPU.Build.0 = Release|Any CPU
	EndGlobalSection
	GlobalSection(SolutionProperties) = preSolution
		HideSolutionNode = FALSE
	EndGlobalSection
	GlobalSection(ExtensibilityGlobals) = postSolution
		SolutionGuid = {6792E236-2617-4A79-A816-3ABDB9F0832D}
	EndGlobalSection
EndGlobal
